// !$*UTF8*$!
{
	archiveVersion = 1;
	classes = {
	};
	objectVersion = 77;
	objects = {

/* Begin PBXContainerItemProxy section */
		418D35A92D5EA4220009764E /* PBXContainerItemProxy */ = {
			isa = PBXContainerItemProxy;
			containerPortal = 418D35902D5EA41D0009764E /* Project object */;
			proxyType = 1;
			remoteGlobalIDString = 418D35972D5EA41D0009764E;
			remoteInfo = "Lab1_Daniel_Demesa-Borrett";
		};
		418D35B32D5EA4220009764E /* PBXContainerItemProxy */ = {
			isa = PBXContainerItemProxy;
			containerPortal = 418D35902D5EA41D0009764E /* Project object */;
			proxyType = 1;
			remoteGlobalIDString = 418D35972D5EA41D0009764E;
			remoteInfo = "Lab1_Daniel_Demesa-Borrett";
		};
/* End PBXContainerItemProxy section */

/* Begin PBXFileReference section */
		418D35982D5EA41D0009764E /* Lab1_Daniel_Demesa-Borrett.app */ = {isa = PBXFileReference; explicitFileType = wrapper.application; includeInIndex = 0; path = "Lab1_Daniel_Demesa-Borrett.app"; sourceTree = BUILT_PRODUCTS_DIR; };
		418D35A82D5EA4220009764E /* Lab1_Daniel_Demesa-BorrettTests.xctest */ = {isa = PBXFileReference; explicitFileType = wrapper.cfbundle; includeInIndex = 0; path = "Lab1_Daniel_Demesa-BorrettTests.xctest"; sourceTree = BUILT_PRODUCTS_DIR; };
		418D35B22D5EA4220009764E /* Lab1_Daniel_Demesa-BorrettUITests.xctest */ = {isa = PBXFileReference; explicitFileType = wrapper.cfbundle; includeInIndex = 0; path = "Lab1_Daniel_Demesa-BorrettUITests.xctest"; sourceTree = BUILT_PRODUCTS_DIR; };
/* End PBXFileReference section */

/* Begin PBXFileSystemSynchronizedRootGroup section */
		418D359A2D5EA41D0009764E /* Lab1_Daniel_Demesa-Borrett */ = {
			isa = PBXFileSystemSynchronizedRootGroup;
			path = "Lab1_Daniel_Demesa-Borrett";
			sourceTree = "<group>";
		};
		418D35AB2D5EA4220009764E /* Lab1_Daniel_Demesa-BorrettTests */ = {
			isa = PBXFileSystemSynchronizedRootGroup;
			path = "Lab1_Daniel_Demesa-BorrettTests";
			sourceTree = "<group>";
		};
		418D35B52D5EA4220009764E /* Lab1_Daniel_Demesa-BorrettUITests */ = {
			isa = PBXFileSystemSynchronizedRootGroup;
			path = "Lab1_Daniel_Demesa-BorrettUITests";
			sourceTree = "<group>";
		};
/* End PBXFileSystemSynchronizedRootGroup section */

/* Begin PBXFrameworksBuildPhase section */
		418D35952D5EA41D0009764E /* Frameworks */ = {
			isa = PBXFrameworksBuildPhase;
			buildActionMask = 2147483647;
			files = (
			);
			runOnlyForDeploymentPostprocessing = 0;
		};
		418D35A52D5EA4220009764E /* Frameworks */ = {
			isa = PBXFrameworksBuildPhase;
			buildActionMask = 2147483647;
			files = (
			);
			runOnlyForDeploymentPostprocessing = 0;
		};
		418D35AF2D5EA4220009764E /* Frameworks */ = {
			isa = PBXFrameworksBuildPhase;
			buildActionMask = 2147483647;
			files = (
			);
			runOnlyForDeploymentPostprocessing = 0;
		};
/* End PBXFrameworksBuildPhase section */

/* Begin PBXGroup section */
		418D358F2D5EA41D0009764E = {
			isa = PBXGroup;
			children = (
				418D359A2D5EA41D0009764E /* Lab1_Daniel_Demesa-Borrett */,
				418D35AB2D5EA4220009764E /* Lab1_Daniel_Demesa-BorrettTests */,
				418D35B52D5EA4220009764E /* Lab1_Daniel_Demesa-BorrettUITests */,
				418D35992D5EA41D0009764E /* Products */,
			);
			sourceTree = "<group>";
		};
		418D35992D5EA41D0009764E /* Products */ = {
			isa = PBXGroup;
			children = (
				418D35982D5EA41D0009764E /* Lab1_Daniel_Demesa-Borrett.app */,
				418D35A82D5EA4220009764E /* Lab1_Daniel_Demesa-BorrettTests.xctest */,
				418D35B22D5EA4220009764E /* Lab1_Daniel_Demesa-BorrettUITests.xctest */,
			);
			name = Products;
			sourceTree = "<group>";
		};
/* End PBXGroup section */

/* Begin PBXNativeTarget section */
		418D35972D5EA41D0009764E /* Lab1_Daniel_Demesa-Borrett */ = {
			isa = PBXNativeTarget;
			buildConfigurationList = 418D35BC2D5EA4220009764E /* Build configuration list for PBXNativeTarget "Lab1_Daniel_Demesa-Borrett" */;
			buildPhases = (
				418D35942D5EA41D0009764E /* Sources */,
				418D35952D5EA41D0009764E /* Frameworks */,
				418D35962D5EA41D0009764E /* Resources */,
			);
			buildRules = (
			);
			dependencies = (
			);
			fileSystemSynchronizedGroups = (
				418D359A2D5EA41D0009764E /* Lab1_Daniel_Demesa-Borrett */,
			);
			name = "Lab1_Daniel_Demesa-Borrett";
			packageProductDependencies = (
			);
			productName = "Lab1_Daniel_Demesa-Borrett";
			productReference = 418D35982D5EA41D0009764E /* Lab1_Daniel_Demesa-Borrett.app */;
			productType = "com.apple.product-type.application";
		};
		418D35A72D5EA4220009764E /* Lab1_Daniel_Demesa-BorrettTests */ = {
			isa = PBXNativeTarget;
			buildConfigurationList = 418D35BF2D5EA4220009764E /* Build configuration list for PBXNativeTarget "Lab1_Daniel_Demesa-BorrettTests" */;
			buildPhases = (
				418D35A42D5EA4220009764E /* Sources */,
				418D35A52D5EA4220009764E /* Frameworks */,
				418D35A62D5EA4220009764E /* Resources */,
			);
			buildRules = (
			);
			dependencies = (
				418D35AA2D5EA4220009764E /* PBXTargetDependency */,
			);
			fileSystemSynchronizedGroups = (
				418D35AB2D5EA4220009764E /* Lab1_Daniel_Demesa-BorrettTests */,
			);
			name = "Lab1_Daniel_Demesa-BorrettTests";
			packageProductDependencies = (
			);
			productName = "Lab1_Daniel_Demesa-BorrettTests";
			productReference = 418D35A82D5EA4220009764E /* Lab1_Daniel_Demesa-BorrettTests.xctest */;
			productType = "com.apple.product-type.bundle.unit-test";
		};
		418D35B12D5EA4220009764E /* Lab1_Daniel_Demesa-BorrettUITests */ = {
			isa = PBXNativeTarget;
			buildConfigurationList = 418D35C22D5EA4220009764E /* Build configuration list for PBXNativeTarget "Lab1_Daniel_Demesa-BorrettUITests" */;
			buildPhases = (
				418D35AE2D5EA4220009764E /* Sources */,
				418D35AF2D5EA4220009764E /* Frameworks */,
				418D35B02D5EA4220009764E /* Resources */,
			);
			buildRules = (
			);
			dependencies = (
				418D35B42D5EA4220009764E /* PBXTargetDependency */,
			);
			fileSystemSynchronizedGroups = (
				418D35B52D5EA4220009764E /* Lab1_Daniel_Demesa-BorrettUITests */,
			);
			name = "Lab1_Daniel_Demesa-BorrettUITests";
			packageProductDependencies = (
			);
			productName = "Lab1_Daniel_Demesa-BorrettUITests";
			productReference = 418D35B22D5EA4220009764E /* Lab1_Daniel_Demesa-BorrettUITests.xctest */;
			productType = "com.apple.product-type.bundle.ui-testing";
		};
/* End PBXNativeTarget section */

/* Begin PBXProject section */
		418D35902D5EA41D0009764E /* Project object */ = {
			isa = PBXProject;
			attributes = {
				BuildIndependentTargetsInParallel = 1;
				LastSwiftUpdateCheck = 1620;
				LastUpgradeCheck = 1620;
				TargetAttributes = {
					418D35972D5EA41D0009764E = {
						CreatedOnToolsVersion = 16.2;
					};
					418D35A72D5EA4220009764E = {
						CreatedOnToolsVersion = 16.2;
						TestTargetID = 418D35972D5EA41D0009764E;
					};
					418D35B12D5EA4220009764E = {
						CreatedOnToolsVersion = 16.2;
						TestTargetID = 418D35972D5EA41D0009764E;
					};
				};
			};
			buildConfigurationList = 418D35932D5EA41D0009764E /* Build configuration list for PBXProject "Lab1_Daniel_Demesa-Borrett" */;
			developmentRegion = en;
			hasScannedForEncodings = 0;
			knownRegions = (
				en,
				Base,
			);
			mainGroup = 418D358F2D5EA41D0009764E;
			minimizedProjectReferenceProxies = 1;
			preferredProjectObjectVersion = 77;
			productRefGroup = 418D35992D5EA41D0009764E /* Products */;
			projectDirPath = "";
			projectRoot = "";
			targets = (
				418D35972D5EA41D0009764E /* Lab1_Daniel_Demesa-Borrett */,
				418D35A72D5EA4220009764E /* Lab1_Daniel_Demesa-BorrettTests */,
				418D35B12D5EA4220009764E /* Lab1_Daniel_Demesa-BorrettUITests */,
			);
		};
/* End PBXProject section */

/* Begin PBXResourcesBuildPhase section */
		418D35962D5EA41D0009764E /* Resources */ = {
			isa = PBXResourcesBuildPhase;
			buildActionMask = 2147483647;
			files = (
			);
			runOnlyForDeploymentPostprocessing = 0;
		};
		418D35A62D5EA4220009764E /* Resources */ = {
			isa = PBXResourcesBuildPhase;
			buildActionMask = 2147483647;
			files = (
			);
			runOnlyForDeploymentPostprocessing = 0;
		};
		418D35B02D5EA4220009764E /* Resources */ = {
			isa = PBXResourcesBuildPhase;
			buildActionMask = 2147483647;
			files = (
			);
			runOnlyForDeploymentPostprocessing = 0;
		};
/* End PBXResourcesBuildPhase section */

/* Begin PBXSourcesBuildPhase section */
		418D35942D5EA41D0009764E /* Sources */ = {
			isa = PBXSourcesBuildPhase;
			buildActionMask = 2147483647;
			files = (
			);
			runOnlyForDeploymentPostprocessing = 0;
		};
		418D35A42D5EA4220009764E /* Sources */ = {
			isa = PBXSourcesBuildPhase;
			buildActionMask = 2147483647;
			files = (
			);
			runOnlyForDeploymentPostprocessing = 0;
		};
		418D35AE2D5EA4220009764E /* Sources */ = {
			isa = PBXSourcesBuildPhase;
			buildActionMask = 2147483647;
			files = (
			);
			runOnlyForDeploymentPostprocessing = 0;
		};
/* End PBXSourcesBuildPhase section */

/* Begin PBXTargetDependency section */
		418D35AA2D5EA4220009764E /* PBXTargetDependency */ = {
			isa = PBXTargetDependency;
			target = 418D35972D5EA41D0009764E /* Lab1_Daniel_Demesa-Borrett */;
			targetProxy = 418D35A92D5EA4220009764E /* PBXContainerItemProxy */;
		};
		418D35B42D5EA4220009764E /* PBXTargetDependency */ = {
			isa = PBXTargetDependency;
			target = 418D35972D5EA41D0009764E /* Lab1_Daniel_Demesa-Borrett */;
			targetProxy = 418D35B32D5EA4220009764E /* PBXContainerItemProxy */;
		};
/* End PBXTargetDependency section */

/* Begin XCBuildConfiguration section */
		418D35BA2D5EA4220009764E /* Debug */ = {
			isa = XCBuildConfiguration;
			buildSettings = {
				ALWAYS_SEARCH_USER_PATHS = NO;
				ASSETCATALOG_COMPILER_GENERATE_SWIFT_ASSET_SYMBOL_EXTENSIONS = YES;
				CLANG_ANALYZER_NONNULL = YES;
				CLANG_ANALYZER_NUMBER_OBJECT_CONVERSION = YES_AGGRESSIVE;
				CLANG_CXX_LANGUAGE_STANDARD = "gnu++20";
				CLANG_ENABLE_MODULES = YES;
				CLANG_ENABLE_OBJC_ARC = YES;
				CLANG_ENABLE_OBJC_WEAK = YES;
				CLANG_WARN_BLOCK_CAPTURE_AUTORELEASING = YES;
				CLANG_WARN_BOOL_CONVERSION = YES;
				CLANG_WARN_COMMA = YES;
				CLANG_WARN_CONSTANT_CONVERSION = YES;
				CLANG_WARN_DEPRECATED_OBJC_IMPLEMENTATIONS = YES;
				CLANG_WARN_DIRECT_OBJC_ISA_USAGE = YES_ERROR;
				CLANG_WARN_DOCUMENTATION_COMMENTS = YES;
				CLANG_WARN_EMPTY_BODY = YES;
				CLANG_WARN_ENUM_CONVERSION = YES;
				CLANG_WARN_INFINITE_RECURSION = YES;
				CLANG_WARN_INT_CONVERSION = YES;
				CLANG_WARN_NON_LITERAL_NULL_CONVERSION = YES;
				CLANG_WARN_OBJC_IMPLICIT_RETAIN_SELF = YES;
				CLANG_WARN_OBJC_LITERAL_CONVERSION = YES;
				CLANG_WARN_OBJC_ROOT_CLASS = YES_ERROR;
				CLANG_WARN_QUOTED_INCLUDE_IN_FRAMEWORK_HEADER = YES;
				CLANG_WARN_RANGE_LOOP_ANALYSIS = YES;
				CLANG_WARN_STRICT_PROTOTYPES = YES;
				CLANG_WARN_SUSPICIOUS_MOVE = YES;
				CLANG_WARN_UNGUARDED_AVAILABILITY = YES_AGGRESSIVE;
				CLANG_WARN_UNREACHABLE_CODE = YES;
				CLANG_WARN__DUPLICATE_METHOD_MATCH = YES;
				COPY_PHASE_STRIP = NO;
				DEBUG_INFORMATION_FORMAT = dwarf;
				ENABLE_STRICT_OBJC_MSGSEND = YES;
				ENABLE_TESTABILITY = YES;
				ENABLE_USER_SCRIPT_SANDBOXING = YES;
				GCC_C_LANGUAGE_STANDARD = gnu17;
				GCC_DYNAMIC_NO_PIC = NO;
				GCC_NO_COMMON_BLOCKS = YES;
				GCC_OPTIMIZATION_LEVEL = 0;
				GCC_PREPROCESSOR_DEFINITIONS = (
					"DEBUG=1",
					"$(inherited)",
				);
				GCC_WARN_64_TO_32_BIT_CONVERSION = YES;
				GCC_WARN_ABOUT_RETURN_TYPE = YES_ERROR;
				GCC_WARN_UNDECLARED_SELECTOR = YES;
				GCC_WARN_UNINITIALIZED_AUTOS = YES_AGGRESSIVE;
				GCC_WARN_UNUSED_FUNCTION = YES;
				GCC_WARN_UNUSED_VARIABLE = YES;
				IPHONEOS_DEPLOYMENT_TARGET = 18.2;
				LOCALIZATION_PREFERS_STRING_CATALOGS = YES;
				MTL_ENABLE_DEBUG_INFO = INCLUDE_SOURCE;
				MTL_FAST_MATH = YES;
				ONLY_ACTIVE_ARCH = YES;
				SDKROOT = iphoneos;
				SWIFT_ACTIVE_COMPILATION_CONDITIONS = "DEBUG $(inherited)";
				SWIFT_OPTIMIZATION_LEVEL = "-Onone";
			};
			name = Debug;
		};
		418D35BB2D5EA4220009764E /* Release */ = {
			isa = XCBuildConfiguration;
			buildSettings = {
				ALWAYS_SEARCH_USER_PATHS = NO;
				ASSETCATALOG_COMPILER_GENERATE_SWIFT_ASSET_SYMBOL_EXTENSIONS = YES;
				CLANG_ANALYZER_NONNULL = YES;
				CLANG_ANALYZER_NUMBER_OBJECT_CONVERSION = YES_AGGRESSIVE;
				CLANG_CXX_LANGUAGE_STANDARD = "gnu++20";
				CLANG_ENABLE_MODULES = YES;
				CLANG_ENABLE_OBJC_ARC = YES;
				CLANG_ENABLE_OBJC_WEAK = YES;
				CLANG_WARN_BLOCK_CAPTURE_AUTORELEASING = YES;
				CLANG_WARN_BOOL_CONVERSION = YES;
				CLANG_WARN_COMMA = YES;
				CLANG_WARN_CONSTANT_CONVERSION = YES;
				CLANG_WARN_DEPRECATED_OBJC_IMPLEMENTATIONS = YES;
				CLANG_WARN_DIRECT_OBJC_ISA_USAGE = YES_ERROR;
				CLANG_WARN_DOCUMENTATION_COMMENTS = YES;
				CLANG_WARN_EMPTY_BODY = YES;
				CLANG_WARN_ENUM_CONVERSION = YES;
				CLANG_WARN_INFINITE_RECURSION = YES;
				CLANG_WARN_INT_CONVERSION = YES;
				CLANG_WARN_NON_LITERAL_NULL_CONVERSION = YES;
				CLANG_WARN_OBJC_IMPLICIT_RETAIN_SELF = YES;
				CLANG_WARN_OBJC_LITERAL_CONVERSION = YES;
				CLANG_WARN_OBJC_ROOT_CLASS = YES_ERROR;
				CLANG_WARN_QUOTED_INCLUDE_IN_FRAMEWORK_HEADER = YES;
				CLANG_WARN_RANGE_LOOP_ANALYSIS = YES;
				CLANG_WARN_STRICT_PROTOTYPES = YES;
				CLANG_WARN_SUSPICIOUS_MOVE = YES;
				CLANG_WARN_UNGUARDED_AVAILABILITY = YES_AGGRESSIVE;
				CLANG_WARN_UNREACHABLE_CODE = YES;
				CLANG_WARN__DUPLICATE_METHOD_MATCH = YES;
				COPY_PHASE_STRIP = NO;
				DEBUG_INFORMATION_FORMAT = "dwarf-with-dsym";
				ENABLE_NS_ASSERTIONS = NO;
				ENABLE_STRICT_OBJC_MSGSEND = YES;
				ENABLE_USER_SCRIPT_SANDBOXING = YES;
				GCC_C_LANGUAGE_STANDARD = gnu17;
				GCC_NO_COMMON_BLOCKS = YES;
				GCC_WARN_64_TO_32_BIT_CONVERSION = YES;
				GCC_WARN_ABOUT_RETURN_TYPE = YES_ERROR;
				GCC_WARN_UNDECLARED_SELECTOR = YES;
				GCC_WARN_UNINITIALIZED_AUTOS = YES_AGGRESSIVE;
				GCC_WARN_UNUSED_FUNCTION = YES;
				GCC_WARN_UNUSED_VARIABLE = YES;
				IPHONEOS_DEPLOYMENT_TARGET = 18.2;
				LOCALIZATION_PREFERS_STRING_CATALOGS = YES;
				MTL_ENABLE_DEBUG_INFO = NO;
				MTL_FAST_MATH = YES;
				SDKROOT = iphoneos;
				SWIFT_COMPILATION_MODE = wholemodule;
				VALIDATE_PRODUCT = YES;
			};
			name = Release;
		};
		418D35BD2D5EA4220009764E /* Debug */ = {
			isa = XCBuildConfiguration;
			buildSettings = {
				ASSETCATALOG_COMPILER_APPICON_NAME = AppIcon;
				ASSETCATALOG_COMPILER_GLOBAL_ACCENT_COLOR_NAME = AccentColor;
				CODE_SIGN_STYLE = Automatic;
				CURRENT_PROJECT_VERSION = 1;
				DEVELOPMENT_ASSET_PATHS = "\"Lab1_Daniel_Demesa-Borrett/Preview Content\"";
				ENABLE_PREVIEWS = YES;
				GENERATE_INFOPLIST_FILE = YES;
				INFOPLIST_KEY_UIApplicationSceneManifest_Generation = YES;
				INFOPLIST_KEY_UIApplicationSupportsIndirectInputEvents = YES;
				INFOPLIST_KEY_UILaunchScreen_Generation = YES;
				INFOPLIST_KEY_UISupportedInterfaceOrientations_iPad = "UIInterfaceOrientationPortrait UIInterfaceOrientationPortraitUpsideDown UIInterfaceOrientationLandscapeLeft UIInterfaceOrientationLandscapeRight";
				INFOPLIST_KEY_UISupportedInterfaceOrientations_iPhone = "UIInterfaceOrientationPortrait UIInterfaceOrientationLandscapeLeft UIInterfaceOrientationLandscapeRight";
				LD_RUNPATH_SEARCH_PATHS = (
					"$(inherited)",
					"@executable_path/Frameworks",
				);
				MARKETING_VERSION = 1.0;
				PRODUCT_BUNDLE_IDENTIFIER = "com.daniel.lab1.Lab1-Daniel-Demesa-Borrett";
				PRODUCT_NAME = "$(TARGET_NAME)";
				SWIFT_EMIT_LOC_STRINGS = YES;
				SWIFT_VERSION = 5.0;
				TARGETED_DEVICE_FAMILY = "1,2";
			};
			name = Debug;
		};
		418D35BE2D5EA4220009764E /* Release */ = {
			isa = XCBuildConfiguration;
			buildSettings = {
				ASSETCATALOG_COMPILER_APPICON_NAME = AppIcon;
				ASSETCATALOG_COMPILER_GLOBAL_ACCENT_COLOR_NAME = AccentColor;
				CODE_SIGN_STYLE = Automatic;
				CURRENT_PROJECT_VERSION = 1;
				DEVELOPMENT_ASSET_PATHS = "\"Lab1_Daniel_Demesa-Borrett/Preview Content\"";
				ENABLE_PREVIEWS = YES;
				GENERATE_INFOPLIST_FILE = YES;
				INFOPLIST_KEY_UIApplicationSceneManifest_Generation = YES;
				INFOPLIST_KEY_UIApplicationSupportsIndirectInputEvents = YES;
				INFOPLIST_KEY_UILaunchScreen_Generation = YES;
				INFOPLIST_KEY_UISupportedInterfaceOrientations_iPad = "UIInterfaceOrientationPortrait UIInterfaceOrientationPortraitUpsideDown UIInterfaceOrientationLandscapeLeft UIInterfaceOrientationLandscapeRight";
				INFOPLIST_KEY_UISupportedInterfaceOrientations_iPhone = "UIInterfaceOrientationPortrait UIInterfaceOrientationLandscapeLeft UIInterfaceOrientationLandscapeRight";
				LD_RUNPATH_SEARCH_PATHS = (
					"$(inherited)",
					"@executable_path/Frameworks",
				);
				MARKETING_VERSION = 1.0;
				PRODUCT_BUNDLE_IDENTIFIER = "com.daniel.lab1.Lab1-Daniel-Demesa-Borrett";
				PRODUCT_NAME = "$(TARGET_NAME)";
				SWIFT_EMIT_LOC_STRINGS = YES;
				SWIFT_VERSION = 5.0;
				TARGETED_DEVICE_FAMILY = "1,2";
			};
			name = Release;
		};
		418D35C02D5EA4220009764E /* Debug */ = {
			isa = XCBuildConfiguration;
			buildSettings = {
				BUNDLE_LOADER = "$(TEST_HOST)";
				CODE_SIGN_STYLE = Automatic;
				CURRENT_PROJECT_VERSION = 1;
				GENERATE_INFOPLIST_FILE = YES;
				IPHONEOS_DEPLOYMENT_TARGET = 18.2;
				MARKETING_VERSION = 1.0;
				PRODUCT_BUNDLE_IDENTIFIER = "com.daniel.lab1.Lab1-Daniel-Demesa-BorrettTests";
				PRODUCT_NAME = "$(TARGET_NAME)";
				SWIFT_EMIT_LOC_STRINGS = NO;
				SWIFT_VERSION = 5.0;
				TARGETED_DEVICE_FAMILY = "1,2";
				TEST_HOST = "$(BUILT_PRODUCTS_DIR)/Lab1_Daniel_Demesa-Borrett.app/$(BUNDLE_EXECUTABLE_FOLDER_PATH)/Lab1_Daniel_Demesa-Borrett";
			};
			name = Debug;
		};
		418D35C12D5EA4220009764E /* Release */ = {
			isa = XCBuildConfiguration;
			buildSettings = {
				BUNDLE_LOADER = "$(TEST_HOST)";
				CODE_SIGN_STYLE = Automatic;
				CURRENT_PROJECT_VERSION = 1;
				GENERATE_INFOPLIST_FILE = YES;
				IPHONEOS_DEPLOYMENT_TARGET = 18.2;
				MARKETING_VERSION = 1.0;
				PRODUCT_BUNDLE_IDENTIFIER = "com.daniel.lab1.Lab1-Daniel-Demesa-BorrettTests";
				PRODUCT_NAME = "$(TARGET_NAME)";
				SWIFT_EMIT_LOC_STRINGS = NO;
				SWIFT_VERSION = 5.0;
				TARGETED_DEVICE_FAMILY = "1,2";
				TEST_HOST = "$(BUILT_PRODUCTS_DIR)/Lab1_Daniel_Demesa-Borrett.app/$(BUNDLE_EXECUTABLE_FOLDER_PATH)/Lab1_Daniel_Demesa-Borrett";
			};
			name = Release;
		};
		418D35C32D5EA4220009764E /* Debug */ = {
			isa = XCBuildConfiguration;
			buildSettings = {
				CODE_SIGN_STYLE = Automatic;
				CURRENT_PROJECT_VERSION = 1;
				GENERATE_INFOPLIST_FILE = YES;
				MARKETING_VERSION = 1.0;
				PRODUCT_BUNDLE_IDENTIFIER = "com.daniel.lab1.Lab1-Daniel-Demesa-BorrettUITests";
				PRODUCT_NAME = "$(TARGET_NAME)";
				SWIFT_EMIT_LOC_STRINGS = NO;
				SWIFT_VERSION = 5.0;
				TARGETED_DEVICE_FAMILY = "1,2";
				TEST_TARGET_NAME = "Lab1_Daniel_Demesa-Borrett";
			};
			name = Debug;
		};
		418D35C42D5EA4220009764E /* Release */ = {
			isa = XCBuildConfiguration;
			buildSettings = {
				CODE_SIGN_STYLE = Automatic;
				CURRENT_PROJECT_VERSION = 1;
				GENERATE_INFOPLIST_FILE = YES;
				MARKETING_VERSION = 1.0;
				PRODUCT_BUNDLE_IDENTIFIER = "com.daniel.lab1.Lab1-Daniel-Demesa-BorrettUITests";
				PRODUCT_NAME = "$(TARGET_NAME)";
				SWIFT_EMIT_LOC_STRINGS = NO;
				SWIFT_VERSION = 5.0;
				TARGETED_DEVICE_FAMILY = "1,2";
				TEST_TARGET_NAME = "Lab1_Daniel_Demesa-Borrett";
			};
			name = Release;
		};
/* End XCBuildConfiguration section */

/* Begin XCConfigurationList section */
		418D35932D5EA41D0009764E /* Build configuration list for PBXProject "Lab1_Daniel_Demesa-Borrett" */ = {
			isa = XCConfigurationList;
			buildConfigurations = (
				418D35BA2D5EA4220009764E /* Debug */,
				418D35BB2D5EA4220009764E /* Release */,
			);
			defaultConfigurationIsVisible = 0;
			defaultConfigurationName = Release;
		};
		418D35BC2D5EA4220009764E /* Build configuration list for PBXNativeTarget "Lab1_Daniel_Demesa-Borrett" */ = {
			isa = XCConfigurationList;
			buildConfigurations = (
				418D35BD2D5EA4220009764E /* Debug */,
				418D35BE2D5EA4220009764E /* Release */,
			);
			defaultConfigurationIsVisible = 0;
			defaultConfigurationName = Release;
		};
		418D35BF2D5EA4220009764E /* Build configuration list for PBXNativeTarget "Lab1_Daniel_Demesa-BorrettTests" */ = {
			isa = XCConfigurationList;
			buildConfigurations = (
				418D35C02D5EA4220009764E /* Debug */,
				418D35C12D5EA4220009764E /* Release */,
			);
			defaultConfigurationIsVisible = 0;
			defaultConfigurationName = Release;
		};
		418D35C22D5EA4220009764E /* Build configuration list for PBXNativeTarget "Lab1_Daniel_Demesa-BorrettUITests" */ = {
			isa = XCConfigurationList;
			buildConfigurations = (
				418D35C32D5EA4220009764E /* Debug */,
				418D35C42D5EA4220009764E /* Release */,
			);
			defaultConfigurationIsVisible = 0;
			defaultConfigurationName = Release;
		};
/* End XCConfigurationList section */
	};
	rootObject = 418D35902D5EA41D0009764E /* Project object */;
}
